
Microsoft Visual Studio Solution File, Format Version 12.00
# Visual Studio Version 17
VisualStudioVersion = 17.13.35919.96 d17.13
MinimumVisualStudioVersion = 10.0.40219.1
Project("{FAE04EC0-301F-11D3-BF4B-00C04F79EFBC}") = "WindowsFormsApp_04_condition", "WindowsFormsApp_04_condition\WindowsFormsApp_04_condition.csproj", "{6C8D9B34-3F10-481D-B473-668AA94CEF7F}"
EndProject
Global
	GlobalSection(SolutionConfigurationPlatforms) = preSolution
		Debug|Any CPU = Debug|Any CPU
		Release|Any CPU = Release|Any CPU
	EndGlobalSection
	GlobalSection(ProjectConfigurationPlatforms) = postSolution
		{6C8D9B34-3F10-481D-B473-668AA94CEF7F}.Debug|Any CPU.ActiveCfg = Debug|Any CPU
		{6C8D9B34-3F10-481D-B473-668AA94CEF7F}.Debug|Any CPU.Build.0 = Debug|Any CPU
		{6C8D9B34-3F10-481D-B473-668AA94CEF7F}.Release|Any CPU.ActiveCfg = Release|Any CPU
		{6C8D9B34-3F10-481D-B473-668AA94CEF7F}.Release|Any CPU.Build.0 = Release|Any CPU
	EndGlobalSection
	GlobalSection(SolutionProperties) = preSolution
		HideSolutionNode = FALSE
	EndGlobalSection
	GlobalSection(ExtensibilityGlobals) = postSolution
		SolutionGuid = {FF0CD98F-58C3-4889-B886-1EBB7C8950FA}
	EndGlobalSection
EndGlobal
